// !$*UTF8*$!
{
	archiveVersion = 1;
	classes = {
	};
	objectVersion = 48;
	objects = {

/* Begin PBXBuildFile section */
		280418F71FDC4AEF004EA43B /* libboost_filesystem-mt.dylib in Frameworks */ = {isa = PBXBuildFile; fileRef = 280418F51FDC4ACF004EA43B /* libboost_filesystem-mt.dylib */; };
		280418FA1FDC4BDF004EA43B /* libboost_system-mt.dylib in Frameworks */ = {isa = PBXBuildFile; fileRef = 280418F81FDC4B4B004EA43B /* libboost_system-mt.dylib */; };
		28043CE41FE1ABE800AE177A /* connected_components.cpp in Sources */ = {isa = PBXBuildFile; fileRef = 28043CE31FE1ABE800AE177A /* connected_components.cpp */; };
		2816E6A31FA12F8600CCE00A /* image_temp.hpp in Headers */ = {isa = PBXBuildFile; fileRef = 2816E6A11FA12F8600CCE00A /* image_temp.hpp */; };
		2816E6A61FA133EF00CCE00A /* image.cpp in Sources */ = {isa = PBXBuildFile; fileRef = 2816E6A51FA133EF00CCE00A /* image.cpp */; };
		2816E6A91FA139AB00CCE00A /* file_utils.cpp in Sources */ = {isa = PBXBuildFile; fileRef = 2816E6A81FA139AB00CCE00A /* file_utils.cpp */; };
		28175DB41F91FD0B004ECB87 /* template_utils.cpp in Sources */ = {isa = PBXBuildFile; fileRef = 28175DB21F91FD0B004ECB87 /* template_utils.cpp */; };
		28175DB51F91FD0B004ECB87 /* binary_serialization.cpp in Sources */ = {isa = PBXBuildFile; fileRef = 28175DB31F91FD0B004ECB87 /* binary_serialization.cpp */; };
		28175DB91F95BD14004ECB87 /* stop_watch.cpp in Sources */ = {isa = PBXBuildFile; fileRef = 28175DB71F95BD14004ECB87 /* stop_watch.cpp */; };
		28175DBA1F95BD14004ECB87 /* stop_watch.hpp in Headers */ = {isa = PBXBuildFile; fileRef = 28175DB81F95BD14004ECB87 /* stop_watch.hpp */; };
		28175DBC1F95BEF0004ECB87 /* stop_watch.cpp in Sources */ = {isa = PBXBuildFile; fileRef = 28175DBB1F95BEF0004ECB87 /* stop_watch.cpp */; };
		284C09C51F9681D40062BFF1 /* matrix.cpp in Sources */ = {isa = PBXBuildFile; fileRef = 284C09C41F9681D40062BFF1 /* matrix.cpp */; };
		284C09C91F968F5C0062BFF1 /* container_traits.cpp in Sources */ = {isa = PBXBuildFile; fileRef = 284C09C81F968F5C0062BFF1 /* container_traits.cpp */; };
		284C09CB1F9B0B370062BFF1 /* step_iterator.cpp in Sources */ = {isa = PBXBuildFile; fileRef = 284C09CA1F9B0B370062BFF1 /* step_iterator.cpp */; };
		2857F02B1FEF280700DEF030 /* colors.cpp in Sources */ = {isa = PBXBuildFile; fileRef = 2857F02A1FEF280700DEF030 /* colors.cpp */; };
		2857F0301FF128B200DEF030 /* gamma_correction.cpp in Sources */ = {isa = PBXBuildFile; fileRef = 2857F02F1FF128B200DEF030 /* gamma_correction.cpp */; };
		2857F0321FF2F54C00DEF030 /* colors_names.cpp in Sources */ = {isa = PBXBuildFile; fileRef = 2857F0311FF2F54C00DEF030 /* colors_names.cpp */; };
		285D63941FC8C67D007EBB23 /* angle.cpp in Sources */ = {isa = PBXBuildFile; fileRef = 285D63931FC8C67D007EBB23 /* angle.cpp */; };
		286563CE1FE86A73003758E1 /* color_maps.cpp in Sources */ = {isa = PBXBuildFile; fileRef = 286563CD1FE86A73003758E1 /* color_maps.cpp */; };
		286F1DF11F9E67A500FCC209 /* map_iterator.cpp in Sources */ = {isa = PBXBuildFile; fileRef = 286F1DF01F9E67A500FCC209 /* map_iterator.cpp */; };
		286F1DF31F9E6C4E00FCC209 /* filter_iterator.cpp in Sources */ = {isa = PBXBuildFile; fileRef = 286F1DF21F9E6C4E00FCC209 /* filter_iterator.cpp */; };
		286FE414203AC81F006BF193 /* mesh.cpp in Sources */ = {isa = PBXBuildFile; fileRef = 286FE413203AC81F006BF193 /* mesh.cpp */; };
		287090AA1FC8BDF600356338 /* matrix.cpp in Sources */ = {isa = PBXBuildFile; fileRef = 287090A91FC8BDF600356338 /* matrix.cpp */; };
		2873F7ED2051388B003BE1D7 /* ViewController.swift in Sources */ = {isa = PBXBuildFile; fileRef = 2873F7EC2051388B003BE1D7 /* ViewController.swift */; };
		28757C801FCF5A45001720F1 /* plane.cpp in Sources */ = {isa = PBXBuildFile; fileRef = 28757C7F1FCF5A44001720F1 /* plane.cpp */; };
		2883C2561F91BAFA007DDB3C /* main.cpp in Sources */ = {isa = PBXBuildFile; fileRef = 2883C2551F91BAFA007DDB3C /* main.cpp */; };
		2883C25B1F91BB33007DDB3C /* libowl.dylib in Frameworks */ = {isa = PBXBuildFile; fileRef = 2883C2411F91BA7F007DDB3C /* libowl.dylib */; };
		288410B81FA600E800CE68DA /* obj.cpp in Sources */ = {isa = PBXBuildFile; fileRef = 288410B71FA600E800CE68DA /* obj.cpp */; };
		288410BE1FA63F9700CE68DA /* owl.png in CopyFiles */ = {isa = PBXBuildFile; fileRef = 288410BD1FA63F1F00CE68DA /* owl.png */; };
		288410C01FA63FDF00CE68DA /* cube.mtl in CopyFiles */ = {isa = PBXBuildFile; fileRef = 288410BB1FA6071F00CE68DA /* cube.mtl */; };
		288410C11FA63FE200CE68DA /* cube.obj in CopyFiles */ = {isa = PBXBuildFile; fileRef = 288410BA1FA606BE00CE68DA /* cube.obj */; };
		288A6F971F91BE4400783E52 /* main.cpp in Sources */ = {isa = PBXBuildFile; fileRef = 288A6F961F91BE4400783E52 /* main.cpp */; };
		288A6F9B1F91BE5400783E52 /* libowl.dylib in Frameworks */ = {isa = PBXBuildFile; fileRef = 2883C2411F91BA7F007DDB3C /* libowl.dylib */; };
		288A6FA81F91CA9E00783E52 /* binary_serialization.cpp in Sources */ = {isa = PBXBuildFile; fileRef = 288A6FA61F91CA9E00783E52 /* binary_serialization.cpp */; };
		2896D09020343A5E00E9241D /* quaterion.cpp in Sources */ = {isa = PBXBuildFile; fileRef = 2896D08F20343A5E00E9241D /* quaterion.cpp */; };
		2896D094203613BA00E9241D /* physical_properties.cpp in Sources */ = {isa = PBXBuildFile; fileRef = 2896D093203613BA00E9241D /* physical_properties.cpp */; };
		289CAEE9205133960016894A /* Mesh.swift in Sources */ = {isa = PBXBuildFile; fileRef = 289CAEE8205133960016894A /* Mesh.swift */; };
		289CAEEB205135F40016894A /* SceneKit.framework in Frameworks */ = {isa = PBXBuildFile; fileRef = 289CAEEA205135F40016894A /* SceneKit.framework */; };
		289CAEEC205135F90016894A /* libowl.dylib in Frameworks */ = {isa = PBXBuildFile; fileRef = 2883C2411F91BA7F007DDB3C /* libowl.dylib */; };
		28A19C452046B6CA00D012F9 /* raytracer.cpp in Sources */ = {isa = PBXBuildFile; fileRef = 28A19C442046B6CA00D012F9 /* raytracer.cpp */; };
		28A19CAD205131C400D012F9 /* AppDelegate.swift in Sources */ = {isa = PBXBuildFile; fileRef = 28A19CAC205131C400D012F9 /* AppDelegate.swift */; };
		28A19CB1205131C400D012F9 /* Assets.xcassets in Resources */ = {isa = PBXBuildFile; fileRef = 28A19CB0205131C400D012F9 /* Assets.xcassets */; };
		28A19CB4205131C400D012F9 /* Main.storyboard in Resources */ = {isa = PBXBuildFile; fileRef = 28A19CB2205131C400D012F9 /* Main.storyboard */; };
		28A19CBC2051327D00D012F9 /* wrapper.cpp in Sources */ = {isa = PBXBuildFile; fileRef = 28A19CBB2051327D00D012F9 /* wrapper.cpp */; };
		28BB756A1FB0F6CC009A6290 /* signal.cpp in Sources */ = {isa = PBXBuildFile; fileRef = 28BB75691FB0F6CC009A6290 /* signal.cpp */; };
		28BB756C1FB3D030009A6290 /* signal.cpp in Sources */ = {isa = PBXBuildFile; fileRef = 28BB756B1FB3D030009A6290 /* signal.cpp */; };
		28C66FA71FC1BF1D00F9C0D1 /* handle.cpp in Sources */ = {isa = PBXBuildFile; fileRef = 28C66FA61FC1BF1D00F9C0D1 /* handle.cpp */; };
		28CA4D3E1FAA6F4E00C753D6 /* uuid.cpp in Sources */ = {isa = PBXBuildFile; fileRef = 28CA4D3D1FAA6F4E00C753D6 /* uuid.cpp */; };
		28E3DA5D204580D600D6CAFE /* property.cpp in Sources */ = {isa = PBXBuildFile; fileRef = 28E3DA5C204580D600D6CAFE /* property.cpp */; };
		D15138B01FB196E9009D3414 /* non_copyable.cpp in Sources */ = {isa = PBXBuildFile; fileRef = D15138AF1FB196E9009D3414 /* non_copyable.cpp */; };
		D1536A3C1FA7649B004B7905 /* uuid.cpp in Sources */ = {isa = PBXBuildFile; fileRef = D1536A3A1FA7649B004B7905 /* uuid.cpp */; };
		D1536A3D1FA7649B004B7905 /* uuid.hpp in Headers */ = {isa = PBXBuildFile; fileRef = D1536A3B1FA7649B004B7905 /* uuid.hpp */; };
		D172B67B1F9F197C0039A121 /* count_iterator.cpp in Sources */ = {isa = PBXBuildFile; fileRef = D172B67A1F9F197C0039A121 /* count_iterator.cpp */; };
		D1993BCA1FBAD8B0005737F9 /* base64.cpp in Sources */ = {isa = PBXBuildFile; fileRef = D1993BC91FBAD8B0005737F9 /* base64.cpp */; };
		D1993BCC1FBADB1E005737F9 /* base64.cpp in Sources */ = {isa = PBXBuildFile; fileRef = D1993BCB1FBADB1E005737F9 /* base64.cpp */; };
		D1993BCF1FBB1D94005737F9 /* buffer.cpp in Sources */ = {isa = PBXBuildFile; fileRef = D1993BCD1FBB1D94005737F9 /* buffer.cpp */; };
		D1993BD01FBB1D94005737F9 /* buffer.hpp in Headers */ = {isa = PBXBuildFile; fileRef = D1993BCE1FBB1D94005737F9 /* buffer.hpp */; };
		D1C330571FCDA37C007E446E /* ray.cpp in Sources */ = {isa = PBXBuildFile; fileRef = D1C330561FCDA37C007E446E /* ray.cpp */; };
		D1C3305A1FD59E0F007E446E /* interval.cpp in Sources */ = {isa = PBXBuildFile; fileRef = D1C330591FD59E0F007E446E /* interval.cpp */; };
/* End PBXBuildFile section */

/* Begin PBXCopyFilesBuildPhase section */
		2816E6AF1FA266E700CCE00A /* CopyFiles */ = {
			isa = PBXCopyFilesBuildPhase;
			buildActionMask = 2147483647;
			dstPath = images;
			dstSubfolderSpec = 16;
			files = (
				288410BE1FA63F9700CE68DA /* owl.png in CopyFiles */,
			);
			runOnlyForDeploymentPostprocessing = 0;
		};
		2816E6B11FA2671800CCE00A /* CopyFiles */ = {
			isa = PBXCopyFilesBuildPhase;
			buildActionMask = 2147483647;
			dstPath = data;
			dstSubfolderSpec = 16;
			files = (
			);
			runOnlyForDeploymentPostprocessing = 0;
		};
		2883C2511F91BAFA007DDB3C /* CopyFiles */ = {
			isa = PBXCopyFilesBuildPhase;
			buildActionMask = 12;
			dstPath = /usr/share/man/man1/;
			dstSubfolderSpec = 0;
			files = (
			);
			runOnlyForDeploymentPostprocessing = 0;
		};
		288410BF1FA63FA500CE68DA /* CopyFiles */ = {
			isa = PBXCopyFilesBuildPhase;
			buildActionMask = 2147483647;
			dstPath = meshes;
			dstSubfolderSpec = 16;
			files = (
				288410C01FA63FDF00CE68DA /* cube.mtl in CopyFiles */,
				288410C11FA63FE200CE68DA /* cube.obj in CopyFiles */,
			);
			runOnlyForDeploymentPostprocessing = 0;
		};
		288A6F921F91BE4400783E52 /* CopyFiles */ = {
			isa = PBXCopyFilesBuildPhase;
			buildActionMask = 2147483647;
			dstPath = /usr/share/man/man1/;
			dstSubfolderSpec = 0;
			files = (
			);
			runOnlyForDeploymentPostprocessing = 1;
		};
/* End PBXCopyFilesBuildPhase section */

/* Begin PBXFileReference section */
		280418F51FDC4ACF004EA43B /* libboost_filesystem-mt.dylib */ = {isa = PBXFileReference; lastKnownFileType = "compiled.mach-o.dylib"; name = "libboost_filesystem-mt.dylib"; path = "../../../../../opt/local/lib/libboost_filesystem-mt.dylib"; sourceTree = "<group>"; };
		280418F81FDC4B4B004EA43B /* libboost_system-mt.dylib */ = {isa = PBXFileReference; lastKnownFileType = "compiled.mach-o.dylib"; name = "libboost_system-mt.dylib"; path = "../../../../../opt/local/lib/libboost_system-mt.dylib"; sourceTree = "<group>"; };
		28043CE31FE1ABE800AE177A /* connected_components.cpp */ = {isa = PBXFileReference; lastKnownFileType = sourcecode.cpp.cpp; path = connected_components.cpp; sourceTree = "<group>"; };
		2816E6A11FA12F8600CCE00A /* image_temp.hpp */ = {isa = PBXFileReference; lastKnownFileType = sourcecode.cpp.h; path = image_temp.hpp; sourceTree = "<group>"; };
		2816E6A41FA1338700CCE00A /* stb_image_resize.h */ = {isa = PBXFileReference; lastKnownFileType = sourcecode.c.h; path = stb_image_resize.h; sourceTree = "<group>"; };
		2816E6A51FA133EF00CCE00A /* image.cpp */ = {isa = PBXFileReference; lastKnownFileType = sourcecode.cpp.cpp; path = image.cpp; sourceTree = "<group>"; };
		2816E6A71FA136CF00CCE00A /* file_utils.hpp */ = {isa = PBXFileReference; lastKnownFileType = sourcecode.cpp.h; path = file_utils.hpp; sourceTree = "<group>"; };
		2816E6A81FA139AB00CCE00A /* file_utils.cpp */ = {isa = PBXFileReference; lastKnownFileType = sourcecode.cpp.cpp; path = file_utils.cpp; sourceTree = "<group>"; };
		28175DB21F91FD0B004ECB87 /* template_utils.cpp */ = {isa = PBXFileReference; fileEncoding = 4; lastKnownFileType = sourcecode.cpp.cpp; path = template_utils.cpp; sourceTree = "<group>"; };
		28175DB31F91FD0B004ECB87 /* binary_serialization.cpp */ = {isa = PBXFileReference; fileEncoding = 4; lastKnownFileType = sourcecode.cpp.cpp; path = binary_serialization.cpp; sourceTree = "<group>"; };
		28175DB71F95BD14004ECB87 /* stop_watch.cpp */ = {isa = PBXFileReference; lastKnownFileType = sourcecode.cpp.cpp; path = stop_watch.cpp; sourceTree = "<group>"; };
		28175DB81F95BD14004ECB87 /* stop_watch.hpp */ = {isa = PBXFileReference; lastKnownFileType = sourcecode.cpp.h; path = stop_watch.hpp; sourceTree = "<group>"; };
		28175DBB1F95BEF0004ECB87 /* stop_watch.cpp */ = {isa = PBXFileReference; lastKnownFileType = sourcecode.cpp.cpp; path = stop_watch.cpp; sourceTree = "<group>"; };
		284C09C21F96806F0062BFF1 /* matrix.hpp */ = {isa = PBXFileReference; lastKnownFileType = sourcecode.cpp.h; path = matrix.hpp; sourceTree = "<group>"; };
		284C09C31F9680AD0062BFF1 /* linear_index.hpp */ = {isa = PBXFileReference; lastKnownFileType = sourcecode.cpp.h; path = linear_index.hpp; sourceTree = "<group>"; };
		284C09C41F9681D40062BFF1 /* matrix.cpp */ = {isa = PBXFileReference; lastKnownFileType = sourcecode.cpp.cpp; path = matrix.cpp; sourceTree = "<group>"; };
		284C09C61F9682570062BFF1 /* step_iterator.hpp */ = {isa = PBXFileReference; lastKnownFileType = sourcecode.cpp.h; path = step_iterator.hpp; sourceTree = "<group>"; };
		284C09C71F9686E70062BFF1 /* iterator_range.hpp */ = {isa = PBXFileReference; lastKnownFileType = sourcecode.cpp.h; path = iterator_range.hpp; sourceTree = "<group>"; };
		284C09C81F968F5C0062BFF1 /* container_traits.cpp */ = {isa = PBXFileReference; lastKnownFileType = sourcecode.cpp.cpp; path = container_traits.cpp; sourceTree = "<group>"; };
		284C09CA1F9B0B370062BFF1 /* step_iterator.cpp */ = {isa = PBXFileReference; lastKnownFileType = sourcecode.cpp.cpp; path = step_iterator.cpp; sourceTree = "<group>"; };
		284C09CC1F9E54220062BFF1 /* filter_iterator.hpp */ = {isa = PBXFileReference; lastKnownFileType = sourcecode.cpp.h; path = filter_iterator.hpp; sourceTree = "<group>"; };
		2857F0291FEA978B00DEF030 /* color.hpp */ = {isa = PBXFileReference; lastKnownFileType = sourcecode.cpp.h; path = color.hpp; sourceTree = "<group>"; };
		2857F02A1FEF280700DEF030 /* colors.cpp */ = {isa = PBXFileReference; lastKnownFileType = sourcecode.cpp.cpp; path = colors.cpp; sourceTree = "<group>"; };
		2857F02C1FF0596B00DEF030 /* lin_space.hpp */ = {isa = PBXFileReference; lastKnownFileType = sourcecode.cpp.h; path = lin_space.hpp; sourceTree = "<group>"; };
		2857F02E1FF1281500DEF030 /* gamma_correction.hpp */ = {isa = PBXFileReference; lastKnownFileType = sourcecode.cpp.h; path = gamma_correction.hpp; sourceTree = "<group>"; };
		2857F02F1FF128B200DEF030 /* gamma_correction.cpp */ = {isa = PBXFileReference; lastKnownFileType = sourcecode.cpp.cpp; path = gamma_correction.cpp; sourceTree = "<group>"; };
		2857F0311FF2F54C00DEF030 /* colors_names.cpp */ = {isa = PBXFileReference; lastKnownFileType = sourcecode.cpp.cpp; path = colors_names.cpp; sourceTree = "<group>"; };
		2857F0331FF3E4C800DEF030 /* color_conversion.hpp */ = {isa = PBXFileReference; lastKnownFileType = sourcecode.cpp.h; path = color_conversion.hpp; sourceTree = "<group>"; };
		2857F0341FF3E5CA00DEF030 /* channel_traits.hpp */ = {isa = PBXFileReference; lastKnownFileType = sourcecode.cpp.h; path = channel_traits.hpp; sourceTree = "<group>"; };
		285D63921FC8C4C7007EBB23 /* angle.hpp */ = {isa = PBXFileReference; lastKnownFileType = sourcecode.cpp.h; path = angle.hpp; sourceTree = "<group>"; };
		285D63931FC8C67D007EBB23 /* angle.cpp */ = {isa = PBXFileReference; lastKnownFileType = sourcecode.cpp.cpp; path = angle.cpp; sourceTree = "<group>"; };
		285D63951FCBD2E2007EBB23 /* trafos.hpp */ = {isa = PBXFileReference; lastKnownFileType = sourcecode.cpp.h; path = trafos.hpp; sourceTree = "<group>"; };
		285D63961FCBD9F8007EBB23 /* ransac.hpp */ = {isa = PBXFileReference; lastKnownFileType = sourcecode.cpp.h; path = ransac.hpp; sourceTree = "<group>"; };
		285D63971FCCA33A007EBB23 /* connected_components.hpp */ = {isa = PBXFileReference; lastKnownFileType = sourcecode.cpp.h; path = connected_components.hpp; sourceTree = "<group>"; };
		285D63981FCCACBB007EBB23 /* frustrum.hpp */ = {isa = PBXFileReference; lastKnownFileType = sourcecode.cpp.h; path = frustrum.hpp; sourceTree = "<group>"; };
		285E00E6203E95DB0081CBA3 /* animation.hpp */ = {isa = PBXFileReference; lastKnownFileType = sourcecode.cpp.h; path = animation.hpp; sourceTree = "<group>"; };
		285E00E7203EC1FA0081CBA3 /* material.hpp */ = {isa = PBXFileReference; lastKnownFileType = sourcecode.cpp.h; path = material.hpp; sourceTree = "<group>"; };
		285E00E8203EC2480081CBA3 /* camera.hpp */ = {isa = PBXFileReference; lastKnownFileType = sourcecode.cpp.h; path = camera.hpp; sourceTree = "<group>"; };
		285E00E9203ED5F90081CBA3 /* graph.hpp */ = {isa = PBXFileReference; lastKnownFileType = sourcecode.cpp.h; path = graph.hpp; sourceTree = "<group>"; };
		286563CC1FE864AC003758E1 /* color_maps.hpp */ = {isa = PBXFileReference; lastKnownFileType = sourcecode.cpp.h; path = color_maps.hpp; sourceTree = "<group>"; };
		286563CD1FE86A73003758E1 /* color_maps.cpp */ = {isa = PBXFileReference; lastKnownFileType = sourcecode.cpp.cpp; path = color_maps.cpp; sourceTree = "<group>"; };
		286F1DF01F9E67A500FCC209 /* map_iterator.cpp */ = {isa = PBXFileReference; lastKnownFileType = sourcecode.cpp.cpp; path = map_iterator.cpp; sourceTree = "<group>"; };
		286F1DF21F9E6C4E00FCC209 /* filter_iterator.cpp */ = {isa = PBXFileReference; lastKnownFileType = sourcecode.cpp.cpp; path = filter_iterator.cpp; sourceTree = "<group>"; };
		286FE412203A02AC006BF193 /* mesh.hpp */ = {isa = PBXFileReference; lastKnownFileType = sourcecode.cpp.h; path = mesh.hpp; sourceTree = "<group>"; };
		286FE413203AC81F006BF193 /* mesh.cpp */ = {isa = PBXFileReference; lastKnownFileType = sourcecode.cpp.cpp; path = mesh.cpp; sourceTree = "<group>"; };
		286FE415203C5B9E006BF193 /* adjacent_iterator.hpp */ = {isa = PBXFileReference; lastKnownFileType = sourcecode.cpp.h; path = adjacent_iterator.hpp; sourceTree = "<group>"; };
		287090A91FC8BDF600356338 /* matrix.cpp */ = {isa = PBXFileReference; lastKnownFileType = sourcecode.cpp.cpp; path = matrix.cpp; sourceTree = "<group>"; };
		2873F7EC2051388B003BE1D7 /* ViewController.swift */ = {isa = PBXFileReference; fileEncoding = 4; lastKnownFileType = sourcecode.swift; name = ViewController.swift; path = meshviewer/ViewController.swift; sourceTree = SOURCE_ROOT; };
		2873F7EE20529A1E003BE1D7 /* dynamic_properties.hpp */ = {isa = PBXFileReference; lastKnownFileType = sourcecode.cpp.h; path = dynamic_properties.hpp; sourceTree = "<group>"; };
		28757C7E1FCDDA18001720F1 /* nplane.hpp */ = {isa = PBXFileReference; lastKnownFileType = sourcecode.cpp.h; path = nplane.hpp; sourceTree = "<group>"; };
		28757C7F1FCF5A44001720F1 /* plane.cpp */ = {isa = PBXFileReference; lastKnownFileType = sourcecode.cpp.cpp; path = plane.cpp; sourceTree = "<group>"; };
		2883C2411F91BA7F007DDB3C /* libowl.dylib */ = {isa = PBXFileReference; explicitFileType = "compiled.mach-o.dylib"; includeInIndex = 0; path = libowl.dylib; sourceTree = BUILT_PRODUCTS_DIR; };
		2883C2531F91BAFA007DDB3C /* test */ = {isa = PBXFileReference; explicitFileType = "compiled.mach-o.executable"; includeInIndex = 0; path = test; sourceTree = BUILT_PRODUCTS_DIR; };
		2883C2551F91BAFA007DDB3C /* main.cpp */ = {isa = PBXFileReference; lastKnownFileType = sourcecode.cpp.cpp; path = main.cpp; sourceTree = "<group>"; };
		2883C25E1F91BD38007DDB3C /* catch.hpp */ = {isa = PBXFileReference; lastKnownFileType = sourcecode.cpp.h; path = catch.hpp; sourceTree = "<group>"; };
		288407B51FF51E190022A590 /* color_names.hpp */ = {isa = PBXFileReference; lastKnownFileType = sourcecode.cpp.h; path = color_names.hpp; sourceTree = "<group>"; };
		288407B61FFAC7BB0022A590 /* image.hpp */ = {isa = PBXFileReference; lastKnownFileType = sourcecode.cpp.h; path = image.hpp; sourceTree = "<group>"; };
		288410B61FA6006A00CE68DA /* obj.hpp */ = {isa = PBXFileReference; lastKnownFileType = sourcecode.cpp.h; path = obj.hpp; sourceTree = "<group>"; };
		288410B71FA600E800CE68DA /* obj.cpp */ = {isa = PBXFileReference; lastKnownFileType = sourcecode.cpp.cpp; path = obj.cpp; sourceTree = "<group>"; };
		288410BA1FA606BE00CE68DA /* cube.obj */ = {isa = PBXFileReference; lastKnownFileType = text; path = cube.obj; sourceTree = "<group>"; };
		288410BB1FA6071F00CE68DA /* cube.mtl */ = {isa = PBXFileReference; lastKnownFileType = text; path = cube.mtl; sourceTree = "<group>"; };
		288410BD1FA63F1F00CE68DA /* owl.png */ = {isa = PBXFileReference; lastKnownFileType = image.png; path = owl.png; sourceTree = "<group>"; };
		288A6F941F91BE4400783E52 /* bench */ = {isa = PBXFileReference; explicitFileType = "compiled.mach-o.executable"; includeInIndex = 0; path = bench; sourceTree = BUILT_PRODUCTS_DIR; };
		288A6F961F91BE4400783E52 /* main.cpp */ = {isa = PBXFileReference; lastKnownFileType = sourcecode.cpp.cpp; path = main.cpp; sourceTree = "<group>"; };
		288A6F9D1F91BEAE00783E52 /* benchpress.hpp */ = {isa = PBXFileReference; lastKnownFileType = sourcecode.cpp.h; path = benchpress.hpp; sourceTree = "<group>"; };
		288A6F9E1F91C04400783E52 /* cxxopts.hpp */ = {isa = PBXFileReference; lastKnownFileType = sourcecode.cpp.h; path = cxxopts.hpp; sourceTree = "<group>"; };
		288A6F9F1F91C18500783E52 /* binary_serialization.hpp */ = {isa = PBXFileReference; lastKnownFileType = sourcecode.cpp.h; path = binary_serialization.hpp; sourceTree = "<group>"; };
		288A6FA01F91C21000783E52 /* container_utils.hpp */ = {isa = PBXFileReference; lastKnownFileType = sourcecode.cpp.h; path = container_utils.hpp; sourceTree = "<group>"; };
		288A6FA61F91CA9E00783E52 /* binary_serialization.cpp */ = {isa = PBXFileReference; lastKnownFileType = sourcecode.cpp.cpp; path = binary_serialization.cpp; sourceTree = "<group>"; };
		288A6FA91F91CD9E00783E52 /* LICENSE.txt */ = {isa = PBXFileReference; lastKnownFileType = text; path = LICENSE.txt; sourceTree = "<group>"; };
		288A6FAA1F91CDDD00783E52 /* LICENSE.txt */ = {isa = PBXFileReference; lastKnownFileType = text; path = LICENSE.txt; sourceTree = "<group>"; };
		288A6FAB1F91D83C00783E52 /* template_utils.hpp */ = {isa = PBXFileReference; lastKnownFileType = sourcecode.cpp.h; path = template_utils.hpp; sourceTree = "<group>"; };
		288A6FAD1F91D97B00783E52 /* constants.hpp */ = {isa = PBXFileReference; lastKnownFileType = sourcecode.cpp.h; path = constants.hpp; sourceTree = "<group>"; };
		28946C912028E009002D49E8 /* rigid_transformation.hpp */ = {isa = PBXFileReference; lastKnownFileType = sourcecode.cpp.h; path = rigid_transformation.hpp; sourceTree = "<group>"; };
		2896D08B202F21C400E9241D /* euler_angles.hpp */ = {isa = PBXFileReference; lastKnownFileType = sourcecode.cpp.h; path = euler_angles.hpp; sourceTree = "<group>"; };
		2896D08C2030807E00E9241D /* quaternion.hpp */ = {isa = PBXFileReference; lastKnownFileType = sourcecode.cpp.h; path = quaternion.hpp; sourceTree = "<group>"; };
		2896D08E2030863100E9241D /* node.hpp */ = {isa = PBXFileReference; lastKnownFileType = sourcecode.cpp.h; path = node.hpp; sourceTree = "<group>"; };
		2896D08F20343A5E00E9241D /* quaterion.cpp */ = {isa = PBXFileReference; lastKnownFileType = sourcecode.cpp.cpp; path = quaterion.cpp; sourceTree = "<group>"; };
		2896D0912035875C00E9241D /* utils.hpp */ = {isa = PBXFileReference; lastKnownFileType = sourcecode.cpp.h; path = utils.hpp; sourceTree = "<group>"; };
		2896D09220358A5900E9241D /* physical_properties.hpp */ = {isa = PBXFileReference; lastKnownFileType = sourcecode.cpp.h; path = physical_properties.hpp; sourceTree = "<group>"; };
		2896D093203613BA00E9241D /* physical_properties.cpp */ = {isa = PBXFileReference; lastKnownFileType = sourcecode.cpp.cpp; path = physical_properties.cpp; sourceTree = "<group>"; };
		289CAEE8205133960016894A /* Mesh.swift */ = {isa = PBXFileReference; lastKnownFileType = sourcecode.swift; path = Mesh.swift; sourceTree = "<group>"; };
		289CAEEA205135F40016894A /* SceneKit.framework */ = {isa = PBXFileReference; lastKnownFileType = wrapper.framework; name = SceneKit.framework; path = System/Library/Frameworks/SceneKit.framework; sourceTree = SDKROOT; };
		28A19C402046AA6400D012F9 /* view.hpp */ = {isa = PBXFileReference; lastKnownFileType = sourcecode.cpp.h; path = view.hpp; sourceTree = "<group>"; };
		28A19C432046AD2F00D012F9 /* raytracer.hpp */ = {isa = PBXFileReference; lastKnownFileType = sourcecode.cpp.h; path = raytracer.hpp; sourceTree = "<group>"; };
		28A19C442046B6CA00D012F9 /* raytracer.cpp */ = {isa = PBXFileReference; lastKnownFileType = sourcecode.cpp.cpp; path = raytracer.cpp; sourceTree = "<group>"; };
		28A19C462047FF6400D012F9 /* light.hpp */ = {isa = PBXFileReference; lastKnownFileType = sourcecode.cpp.h; path = light.hpp; sourceTree = "<group>"; };
		28A19C4A204808D500D012F9 /* geometry.hpp */ = {isa = PBXFileReference; lastKnownFileType = sourcecode.cpp.h; path = geometry.hpp; sourceTree = "<group>"; };
		28A19C4B204812AF00D012F9 /* look_at_constraint.hpp */ = {isa = PBXFileReference; lastKnownFileType = sourcecode.cpp.h; path = look_at_constraint.hpp; sourceTree = "<group>"; };
		28A19C4C204D687400D012F9 /* mesh.hpp */ = {isa = PBXFileReference; lastKnownFileType = sourcecode.cpp.h; path = mesh.hpp; sourceTree = "<group>"; };
		28A19C4D204D6AD600D012F9 /* grid.hpp */ = {isa = PBXFileReference; lastKnownFileType = sourcecode.cpp.h; path = grid.hpp; sourceTree = "<group>"; };
		28A19CAA205131C400D012F9 /* MeshViewer.app */ = {isa = PBXFileReference; explicitFileType = wrapper.application; includeInIndex = 0; path = MeshViewer.app; sourceTree = BUILT_PRODUCTS_DIR; };
		28A19CAC205131C400D012F9 /* AppDelegate.swift */ = {isa = PBXFileReference; lastKnownFileType = sourcecode.swift; path = AppDelegate.swift; sourceTree = "<group>"; };
		28A19CB0205131C400D012F9 /* Assets.xcassets */ = {isa = PBXFileReference; lastKnownFileType = folder.assetcatalog; path = Assets.xcassets; sourceTree = "<group>"; };
		28A19CB3205131C400D012F9 /* Base */ = {isa = PBXFileReference; lastKnownFileType = file.storyboard; name = Base; path = Base.lproj/Main.storyboard; sourceTree = "<group>"; };
		28A19CB5205131C400D012F9 /* Info.plist */ = {isa = PBXFileReference; lastKnownFileType = text.plist.xml; path = Info.plist; sourceTree = "<group>"; };
		28A19CB6205131C400D012F9 /* MeshViewer.entitlements */ = {isa = PBXFileReference; lastKnownFileType = text.plist.entitlements; path = MeshViewer.entitlements; sourceTree = "<group>"; };
		28A19CBA2051327D00D012F9 /* MeshViewer-Bridging-Header.h */ = {isa = PBXFileReference; lastKnownFileType = sourcecode.c.h; path = "MeshViewer-Bridging-Header.h"; sourceTree = "<group>"; };
		28A19CBB2051327D00D012F9 /* wrapper.cpp */ = {isa = PBXFileReference; lastKnownFileType = sourcecode.cpp.cpp; name = wrapper.cpp; path = meshviewer/wrapper.cpp; sourceTree = SOURCE_ROOT; };
		28BB75661FB0F254009A6290 /* non_copyable.hpp */ = {isa = PBXFileReference; lastKnownFileType = sourcecode.cpp.h; path = non_copyable.hpp; sourceTree = "<group>"; };
		28BB75671FB0F393009A6290 /* export.hpp */ = {isa = PBXFileReference; lastKnownFileType = sourcecode.cpp.h; path = export.hpp; sourceTree = "<group>"; };
		28BB75681FB0F541009A6290 /* signal.hpp */ = {isa = PBXFileReference; lastKnownFileType = sourcecode.cpp.h; path = signal.hpp; sourceTree = "<group>"; };
		28BB75691FB0F6CC009A6290 /* signal.cpp */ = {isa = PBXFileReference; lastKnownFileType = sourcecode.cpp.cpp; path = signal.cpp; sourceTree = "<group>"; };
		28BB756B1FB3D030009A6290 /* signal.cpp */ = {isa = PBXFileReference; lastKnownFileType = sourcecode.cpp.cpp; path = signal.cpp; sourceTree = "<group>"; };
		28BB756D1FB6391C009A6290 /* approx.hpp */ = {isa = PBXFileReference; lastKnownFileType = sourcecode.cpp.h; path = approx.hpp; sourceTree = "<group>"; };
		28C66FA51FC1BA5600F9C0D1 /* handle.hpp */ = {isa = PBXFileReference; lastKnownFileType = sourcecode.cpp.h; path = handle.hpp; sourceTree = "<group>"; };
		28C66FA61FC1BF1D00F9C0D1 /* handle.cpp */ = {isa = PBXFileReference; lastKnownFileType = sourcecode.cpp.cpp; path = handle.cpp; sourceTree = "<group>"; };
		28C66FA81FC48B2200F9C0D1 /* optional.hpp */ = {isa = PBXFileReference; lastKnownFileType = sourcecode.cpp.h; path = optional.hpp; sourceTree = "<group>"; };
		28C66FAB1FC48D1C00F9C0D1 /* variant.hpp */ = {isa = PBXFileReference; lastKnownFileType = sourcecode.cpp.h; path = variant.hpp; sourceTree = "<group>"; };
		28C66FAD1FC5643A00F9C0D1 /* variant.hpp */ = {isa = PBXFileReference; lastKnownFileType = sourcecode.cpp.h; path = variant.hpp; sourceTree = "<group>"; };
		28CA4D3D1FAA6F4E00C753D6 /* uuid.cpp */ = {isa = PBXFileReference; lastKnownFileType = sourcecode.cpp.cpp; path = uuid.cpp; sourceTree = "<group>"; };
		28CA4D3F1FAAF95A00C753D6 /* .gitignore */ = {isa = PBXFileReference; lastKnownFileType = text; path = .gitignore; sourceTree = "<group>"; };
		28E3DA5A20455FA500D6CAFE /* range_algorithm.hpp */ = {isa = PBXFileReference; lastKnownFileType = sourcecode.cpp.h; path = range_algorithm.hpp; sourceTree = "<group>"; };
		28E3DA5B204580BB00D6CAFE /* property.hpp */ = {isa = PBXFileReference; lastKnownFileType = sourcecode.cpp.h; path = property.hpp; sourceTree = "<group>"; };
		28E3DA5C204580D600D6CAFE /* property.cpp */ = {isa = PBXFileReference; lastKnownFileType = sourcecode.cpp.cpp; path = property.cpp; sourceTree = "<group>"; };
		D15138AF1FB196E9009D3414 /* non_copyable.cpp */ = {isa = PBXFileReference; lastKnownFileType = sourcecode.cpp.cpp; path = non_copyable.cpp; sourceTree = "<group>"; };
		D1536A3A1FA7649B004B7905 /* uuid.cpp */ = {isa = PBXFileReference; lastKnownFileType = sourcecode.cpp.cpp; path = uuid.cpp; sourceTree = "<group>"; };
		D1536A3B1FA7649B004B7905 /* uuid.hpp */ = {isa = PBXFileReference; lastKnownFileType = sourcecode.cpp.h; path = uuid.hpp; sourceTree = "<group>"; };
		D1604BB21F95FED5007ECD3B /* README.md */ = {isa = PBXFileReference; lastKnownFileType = net.daringfireball.markdown; path = README.md; sourceTree = "<group>"; };
		D172B6781F9DC7810039A121 /* map_iterator.hpp */ = {isa = PBXFileReference; lastKnownFileType = sourcecode.cpp.h; path = map_iterator.hpp; sourceTree = "<group>"; };
		D172B6791F9F15650039A121 /* count_iterator.hpp */ = {isa = PBXFileReference; lastKnownFileType = sourcecode.cpp.h; path = count_iterator.hpp; sourceTree = "<group>"; };
		D172B67A1F9F197C0039A121 /* count_iterator.cpp */ = {isa = PBXFileReference; lastKnownFileType = sourcecode.cpp.cpp; path = count_iterator.cpp; sourceTree = "<group>"; };
		D172B67F1FA0C42C0039A121 /* stb_image.h */ = {isa = PBXFileReference; lastKnownFileType = sourcecode.c.h; path = stb_image.h; sourceTree = "<group>"; };
		D172B6801FA0C5F70039A121 /* stb_image_write.h */ = {isa = PBXFileReference; lastKnownFileType = sourcecode.c.h; path = stb_image_write.h; sourceTree = "<group>"; };
		D1993BC71FB9B27F005737F9 /* random_utils.hpp */ = {isa = PBXFileReference; lastKnownFileType = sourcecode.cpp.h; path = random_utils.hpp; sourceTree = "<group>"; };
		D1993BC81FBAD730005737F9 /* base64.hpp */ = {isa = PBXFileReference; lastKnownFileType = sourcecode.cpp.h; path = base64.hpp; sourceTree = "<group>"; };
		D1993BC91FBAD8B0005737F9 /* base64.cpp */ = {isa = PBXFileReference; lastKnownFileType = sourcecode.cpp.cpp; path = base64.cpp; sourceTree = "<group>"; };
		D1993BCB1FBADB1E005737F9 /* base64.cpp */ = {isa = PBXFileReference; lastKnownFileType = sourcecode.cpp.cpp; path = base64.cpp; sourceTree = "<group>"; };
		D1993BCD1FBB1D94005737F9 /* buffer.cpp */ = {isa = PBXFileReference; lastKnownFileType = sourcecode.cpp.cpp; path = buffer.cpp; sourceTree = "<group>"; };
		D1993BCE1FBB1D94005737F9 /* buffer.hpp */ = {isa = PBXFileReference; lastKnownFileType = sourcecode.cpp.h; path = buffer.hpp; sourceTree = "<group>"; };
		D1C330551FCD9F3E007E446E /* ray.hpp */ = {isa = PBXFileReference; lastKnownFileType = sourcecode.cpp.h; path = ray.hpp; sourceTree = "<group>"; };
		D1C330561FCDA37C007E446E /* ray.cpp */ = {isa = PBXFileReference; lastKnownFileType = sourcecode.cpp.cpp; path = ray.cpp; sourceTree = "<group>"; };
		D1C330581FD59C72007E446E /* interval.hpp */ = {isa = PBXFileReference; lastKnownFileType = sourcecode.cpp.h; path = interval.hpp; sourceTree = "<group>"; };
		D1C330591FD59E0F007E446E /* interval.cpp */ = {isa = PBXFileReference; lastKnownFileType = sourcecode.cpp.cpp; path = interval.cpp; sourceTree = "<group>"; };
		D1F621601FAA13350078436C /* hash_utils.hpp */ = {isa = PBXFileReference; lastKnownFileType = sourcecode.cpp.h; path = hash_utils.hpp; sourceTree = "<group>"; };
		D1FC096A1F964DEE00320C13 /* .gitignore */ = {isa = PBXFileReference; lastKnownFileType = text; path = .gitignore; sourceTree = "<group>"; };
/* End PBXFileReference section */

/* Begin PBXFrameworksBuildPhase section */
		2883C23E1F91BA7F007DDB3C /* Frameworks */ = {
			isa = PBXFrameworksBuildPhase;
			buildActionMask = 2147483647;
			files = (
			);
			runOnlyForDeploymentPostprocessing = 0;
		};
		2883C2501F91BAFA007DDB3C /* Frameworks */ = {
			isa = PBXFrameworksBuildPhase;
			buildActionMask = 2147483647;
			files = (
				280418FA1FDC4BDF004EA43B /* libboost_system-mt.dylib in Frameworks */,
				280418F71FDC4AEF004EA43B /* libboost_filesystem-mt.dylib in Frameworks */,
				2883C25B1F91BB33007DDB3C /* libowl.dylib in Frameworks */,
			);
			runOnlyForDeploymentPostprocessing = 0;
		};
		288A6F911F91BE4400783E52 /* Frameworks */ = {
			isa = PBXFrameworksBuildPhase;
			buildActionMask = 2147483647;
			files = (
				288A6F9B1F91BE5400783E52 /* libowl.dylib in Frameworks */,
			);
			runOnlyForDeploymentPostprocessing = 0;
		};
		28A19CA7205131C400D012F9 /* Frameworks */ = {
			isa = PBXFrameworksBuildPhase;
			buildActionMask = 2147483647;
			files = (
				289CAEEC205135F90016894A /* libowl.dylib in Frameworks */,
				289CAEEB205135F40016894A /* SceneKit.framework in Frameworks */,
			);
			runOnlyForDeploymentPostprocessing = 0;
		};
/* End PBXFrameworksBuildPhase section */

/* Begin PBXGroup section */
		2816E69F1FA12F4B00CCE00A /* graphics */ = {
			isa = PBXGroup;
			children = (
				2816E6A11FA12F8600CCE00A /* image_temp.hpp */,
				288410B61FA6006A00CE68DA /* obj.hpp */,
				288407B61FFAC7BB0022A590 /* image.hpp */,
			);
			path = graphics;
			sourceTree = "<group>";
		};
		2816E6AA1FA2619600CCE00A /* data */ = {
			isa = PBXGroup;
			children = (
				288410BC1FA63EE300CE68DA /* images */,
				288410B91FA6069500CE68DA /* meshes */,
				28CA4D3F1FAAF95A00C753D6 /* .gitignore */,
			);
			path = data;
			sourceTree = "<group>";
		};
		28175DAD1F91FC83004ECB87 /* owl */ = {
			isa = PBXGroup;
			children = (
				28175DB31F91FD0B004ECB87 /* binary_serialization.cpp */,
				28175DB21F91FD0B004ECB87 /* template_utils.cpp */,
				28175DBB1F95BEF0004ECB87 /* stop_watch.cpp */,
				284C09C41F9681D40062BFF1 /* matrix.cpp */,
				284C09C81F968F5C0062BFF1 /* container_traits.cpp */,
				284C09CA1F9B0B370062BFF1 /* step_iterator.cpp */,
				286F1DF01F9E67A500FCC209 /* map_iterator.cpp */,
				286F1DF21F9E6C4E00FCC209 /* filter_iterator.cpp */,
				D172B67A1F9F197C0039A121 /* count_iterator.cpp */,
				2816E6A51FA133EF00CCE00A /* image.cpp */,
				288410B71FA600E800CE68DA /* obj.cpp */,
				28CA4D3D1FAA6F4E00C753D6 /* uuid.cpp */,
				D15138AF1FB196E9009D3414 /* non_copyable.cpp */,
				28BB756B1FB3D030009A6290 /* signal.cpp */,
				D1993BCB1FBADB1E005737F9 /* base64.cpp */,
				28C66FA61FC1BF1D00F9C0D1 /* handle.cpp */,
				285D63931FC8C67D007EBB23 /* angle.cpp */,
				D1C330561FCDA37C007E446E /* ray.cpp */,
				28757C7F1FCF5A44001720F1 /* plane.cpp */,
				D1C330591FD59E0F007E446E /* interval.cpp */,
				28043CE31FE1ABE800AE177A /* connected_components.cpp */,
				2857F02A1FEF280700DEF030 /* colors.cpp */,
				286563CD1FE86A73003758E1 /* color_maps.cpp */,
				2896D08F20343A5E00E9241D /* quaterion.cpp */,
				2896D093203613BA00E9241D /* physical_properties.cpp */,
				286FE413203AC81F006BF193 /* mesh.cpp */,
				28E3DA5C204580D600D6CAFE /* property.cpp */,
				28A19C442046B6CA00D012F9 /* raytracer.cpp */,
			);
			path = owl;
			sourceTree = "<group>";
		};
		28175DB61F95BCE1004ECB87 /* utils */ = {
			isa = PBXGroup;
			children = (
				28175DB71F95BD14004ECB87 /* stop_watch.cpp */,
				28175DB81F95BD14004ECB87 /* stop_watch.hpp */,
				288A6FAB1F91D83C00783E52 /* template_utils.hpp */,
				288A6FA01F91C21000783E52 /* container_utils.hpp */,
				288A6F9F1F91C18500783E52 /* binary_serialization.hpp */,
				284C09C31F9680AD0062BFF1 /* linear_index.hpp */,
				284C09C61F9682570062BFF1 /* step_iterator.hpp */,
				284C09C71F9686E70062BFF1 /* iterator_range.hpp */,
				D172B6781F9DC7810039A121 /* map_iterator.hpp */,
				284C09CC1F9E54220062BFF1 /* filter_iterator.hpp */,
				D172B6791F9F15650039A121 /* count_iterator.hpp */,
				2816E6A71FA136CF00CCE00A /* file_utils.hpp */,
				2816E6A81FA139AB00CCE00A /* file_utils.cpp */,
				D1536A3A1FA7649B004B7905 /* uuid.cpp */,
				D1536A3B1FA7649B004B7905 /* uuid.hpp */,
				D1F621601FAA13350078436C /* hash_utils.hpp */,
				28BB75661FB0F254009A6290 /* non_copyable.hpp */,
				28BB75681FB0F541009A6290 /* signal.hpp */,
				28BB75691FB0F6CC009A6290 /* signal.cpp */,
				D1993BC71FB9B27F005737F9 /* random_utils.hpp */,
				D1993BC81FBAD730005737F9 /* base64.hpp */,
				D1993BC91FBAD8B0005737F9 /* base64.cpp */,
				D1993BCD1FBB1D94005737F9 /* buffer.cpp */,
				D1993BCE1FBB1D94005737F9 /* buffer.hpp */,
				28C66FA51FC1BA5600F9C0D1 /* handle.hpp */,
				285D63961FCBD9F8007EBB23 /* ransac.hpp */,
				285D63971FCCA33A007EBB23 /* connected_components.hpp */,
				2857F02C1FF0596B00DEF030 /* lin_space.hpp */,
				286FE415203C5B9E006BF193 /* adjacent_iterator.hpp */,
				28E3DA5A20455FA500D6CAFE /* range_algorithm.hpp */,
				28E3DA5B204580BB00D6CAFE /* property.hpp */,
				2873F7EE20529A1E003BE1D7 /* dynamic_properties.hpp */,
			);
			path = utils;
			sourceTree = "<group>";
		};
		2857F02D1FF1252200DEF030 /* color */ = {
			isa = PBXGroup;
			children = (
				2857F0291FEA978B00DEF030 /* color.hpp */,
				286563CC1FE864AC003758E1 /* color_maps.hpp */,
				2857F02E1FF1281500DEF030 /* gamma_correction.hpp */,
				2857F02F1FF128B200DEF030 /* gamma_correction.cpp */,
				2857F0311FF2F54C00DEF030 /* colors_names.cpp */,
				2857F0331FF3E4C800DEF030 /* color_conversion.hpp */,
				2857F0341FF3E5CA00DEF030 /* channel_traits.hpp */,
				288407B51FF51E190022A590 /* color_names.hpp */,
			);
			path = color;
			sourceTree = "<group>";
		};
		2883C2381F91BA7F007DDB3C = {
			isa = PBXGroup;
			children = (
				D1FC096A1F964DEE00320C13 /* .gitignore */,
				D1604BB21F95FED5007ECD3B /* README.md */,
				2883C25C1F91BCE6007DDB3C /* thirdparty */,
				2883C2431F91BA7F007DDB3C /* owl */,
				2883C2541F91BAFA007DDB3C /* test */,
				288A6F951F91BE4400783E52 /* bench */,
				28A19CAB205131C400D012F9 /* MeshViewer */,
				2883C2421F91BA7F007DDB3C /* Products */,
				2883C25A1F91BB33007DDB3C /* Frameworks */,
			);
			sourceTree = "<group>";
		};
		2883C2421F91BA7F007DDB3C /* Products */ = {
			isa = PBXGroup;
			children = (
				2883C2411F91BA7F007DDB3C /* libowl.dylib */,
				2883C2531F91BAFA007DDB3C /* test */,
				288A6F941F91BE4400783E52 /* bench */,
				28A19CAA205131C400D012F9 /* MeshViewer.app */,
			);
			name = Products;
			sourceTree = "<group>";
		};
		2883C2431F91BA7F007DDB3C /* owl */ = {
			isa = PBXGroup;
			children = (
				28A19C422046AD0700D012F9 /* render */,
				2896D08D2030861000E9241D /* scene */,
				2857F02D1FF1252200DEF030 /* color */,
				2816E69F1FA12F4B00CCE00A /* graphics */,
				28175DB61F95BCE1004ECB87 /* utils */,
				288A6FAC1F91D96200783E52 /* math */,
				28BB75671FB0F393009A6290 /* export.hpp */,
				28C66FA81FC48B2200F9C0D1 /* optional.hpp */,
				28C66FAB1FC48D1C00F9C0D1 /* variant.hpp */,
			);
			path = owl;
			sourceTree = "<group>";
		};
		2883C2541F91BAFA007DDB3C /* test */ = {
			isa = PBXGroup;
			children = (
				2816E6AA1FA2619600CCE00A /* data */,
				28175DAD1F91FC83004ECB87 /* owl */,
				2883C2551F91BAFA007DDB3C /* main.cpp */,
			);
			path = test;
			sourceTree = "<group>";
		};
		2883C25A1F91BB33007DDB3C /* Frameworks */ = {
			isa = PBXGroup;
			children = (
				289CAEEA205135F40016894A /* SceneKit.framework */,
				280418F81FDC4B4B004EA43B /* libboost_system-mt.dylib */,
				280418F51FDC4ACF004EA43B /* libboost_filesystem-mt.dylib */,
			);
			name = Frameworks;
			sourceTree = "<group>";
		};
		2883C25C1F91BCE6007DDB3C /* thirdparty */ = {
			isa = PBXGroup;
			children = (
				28C66FAC1FC5641B00F9C0D1 /* variant */,
				D172B67E1FA0C3F20039A121 /* stb */,
				288A6F9C1F91BE5D00783E52 /* benchpress */,
				2883C25D1F91BCF6007DDB3C /* catch */,
			);
			path = thirdparty;
			sourceTree = "<group>";
		};
		2883C25D1F91BCF6007DDB3C /* catch */ = {
			isa = PBXGroup;
			children = (
				2883C25E1F91BD38007DDB3C /* catch.hpp */,
				288A6FAA1F91CDDD00783E52 /* LICENSE.txt */,
			);
			path = catch;
			sourceTree = "<group>";
		};
		288410B91FA6069500CE68DA /* meshes */ = {
			isa = PBXGroup;
			children = (
				288410BA1FA606BE00CE68DA /* cube.obj */,
				288410BB1FA6071F00CE68DA /* cube.mtl */,
			);
			path = meshes;
			sourceTree = "<group>";
		};
		288410BC1FA63EE300CE68DA /* images */ = {
			isa = PBXGroup;
			children = (
				288410BD1FA63F1F00CE68DA /* owl.png */,
			);
			path = images;
			sourceTree = "<group>";
		};
		288A6F951F91BE4400783E52 /* bench */ = {
			isa = PBXGroup;
			children = (
				288A6FA51F91CA0800783E52 /* owl */,
				288A6F961F91BE4400783E52 /* main.cpp */,
			);
			path = bench;
			sourceTree = "<group>";
		};
		288A6F9C1F91BE5D00783E52 /* benchpress */ = {
			isa = PBXGroup;
			children = (
				288A6FA91F91CD9E00783E52 /* LICENSE.txt */,
				288A6F9D1F91BEAE00783E52 /* benchpress.hpp */,
				288A6F9E1F91C04400783E52 /* cxxopts.hpp */,
			);
			path = benchpress;
			sourceTree = "<group>";
		};
		288A6FA51F91CA0800783E52 /* owl */ = {
			isa = PBXGroup;
			children = (
				288A6FA61F91CA9E00783E52 /* binary_serialization.cpp */,
				287090A91FC8BDF600356338 /* matrix.cpp */,
			);
			path = owl;
			sourceTree = "<group>";
		};
		288A6FAC1F91D96200783E52 /* math */ = {
			isa = PBXGroup;
			children = (
				288A6FAD1F91D97B00783E52 /* constants.hpp */,
				284C09C21F96806F0062BFF1 /* matrix.hpp */,
				28BB756D1FB6391C009A6290 /* approx.hpp */,
				285D63921FC8C4C7007EBB23 /* angle.hpp */,
				285D63951FCBD2E2007EBB23 /* trafos.hpp */,
				285D63981FCCACBB007EBB23 /* frustrum.hpp */,
				28757C7E1FCDDA18001720F1 /* nplane.hpp */,
				D1C330551FCD9F3E007E446E /* ray.hpp */,
				D1C330581FD59C72007E446E /* interval.hpp */,
				28946C912028E009002D49E8 /* rigid_transformation.hpp */,
				2896D08B202F21C400E9241D /* euler_angles.hpp */,
				2896D08C2030807E00E9241D /* quaternion.hpp */,
				2896D0912035875C00E9241D /* utils.hpp */,
				2896D09220358A5900E9241D /* physical_properties.hpp */,
				286FE412203A02AC006BF193 /* mesh.hpp */,
			);
			path = math;
			sourceTree = "<group>";
		};
		2896D08D2030861000E9241D /* scene */ = {
			isa = PBXGroup;
			children = (
				2896D08E2030863100E9241D /* node.hpp */,
				285E00E6203E95DB0081CBA3 /* animation.hpp */,
				285E00E7203EC1FA0081CBA3 /* material.hpp */,
				285E00E8203EC2480081CBA3 /* camera.hpp */,
				285E00E9203ED5F90081CBA3 /* graph.hpp */,
				28A19C402046AA6400D012F9 /* view.hpp */,
				28A19C462047FF6400D012F9 /* light.hpp */,
				28A19C4A204808D500D012F9 /* geometry.hpp */,
				28A19C4B204812AF00D012F9 /* look_at_constraint.hpp */,
				28A19C4C204D687400D012F9 /* mesh.hpp */,
				28A19C4D204D6AD600D012F9 /* grid.hpp */,
			);
			path = scene;
			sourceTree = "<group>";
		};
		28A19C422046AD0700D012F9 /* render */ = {
			isa = PBXGroup;
			children = (
				28A19C432046AD2F00D012F9 /* raytracer.hpp */,
			);
			path = render;
			sourceTree = "<group>";
		};
		28A19CAB205131C400D012F9 /* MeshViewer */ = {
			isa = PBXGroup;
			children = (
				2873F7EC2051388B003BE1D7 /* ViewController.swift */,
				28A19CAC205131C400D012F9 /* AppDelegate.swift */,
				28A19CB0205131C400D012F9 /* Assets.xcassets */,
				28A19CB2205131C400D012F9 /* Main.storyboard */,
				28A19CB5205131C400D012F9 /* Info.plist */,
				28A19CB6205131C400D012F9 /* MeshViewer.entitlements */,
				28A19CBB2051327D00D012F9 /* wrapper.cpp */,
				28A19CBA2051327D00D012F9 /* MeshViewer-Bridging-Header.h */,
				289CAEE8205133960016894A /* Mesh.swift */,
			);
			path = MeshViewer;
			sourceTree = "<group>";
		};
		28C66FAC1FC5641B00F9C0D1 /* variant */ = {
			isa = PBXGroup;
			children = (
				28C66FAD1FC5643A00F9C0D1 /* variant.hpp */,
			);
			path = variant;
			sourceTree = "<group>";
		};
		D172B67E1FA0C3F20039A121 /* stb */ = {
			isa = PBXGroup;
			children = (
				D172B67F1FA0C42C0039A121 /* stb_image.h */,
				D172B6801FA0C5F70039A121 /* stb_image_write.h */,
				2816E6A41FA1338700CCE00A /* stb_image_resize.h */,
			);
			path = stb;
			sourceTree = "<group>";
		};
/* End PBXGroup section */

/* Begin PBXHeadersBuildPhase section */
		2883C23F1F91BA7F007DDB3C /* Headers */ = {
			isa = PBXHeadersBuildPhase;
			buildActionMask = 2147483647;
			files = (
				D1536A3D1FA7649B004B7905 /* uuid.hpp in Headers */,
				2816E6A31FA12F8600CCE00A /* image_temp.hpp in Headers */,
				D1993BD01FBB1D94005737F9 /* buffer.hpp in Headers */,
				28175DBA1F95BD14004ECB87 /* stop_watch.hpp in Headers */,
			);
			runOnlyForDeploymentPostprocessing = 0;
		};
/* End PBXHeadersBuildPhase section */

/* Begin PBXNativeTarget section */
		2883C2401F91BA7F007DDB3C /* owl */ = {
			isa = PBXNativeTarget;
			buildConfigurationList = 2883C24C1F91BA7F007DDB3C /* Build configuration list for PBXNativeTarget "owl" */;
			buildPhases = (
				2883C23D1F91BA7F007DDB3C /* Sources */,
				2883C23E1F91BA7F007DDB3C /* Frameworks */,
				2883C23F1F91BA7F007DDB3C /* Headers */,
			);
			buildRules = (
			);
			dependencies = (
			);
			name = owl;
			productName = owl;
			productReference = 2883C2411F91BA7F007DDB3C /* libowl.dylib */;
			productType = "com.apple.product-type.library.dynamic";
		};
		2883C2521F91BAFA007DDB3C /* test */ = {
			isa = PBXNativeTarget;
			buildConfigurationList = 2883C2571F91BAFA007DDB3C /* Build configuration list for PBXNativeTarget "test" */;
			buildPhases = (
				2883C24F1F91BAFA007DDB3C /* Sources */,
				2883C2501F91BAFA007DDB3C /* Frameworks */,
				2883C2511F91BAFA007DDB3C /* CopyFiles */,
				2816E6AF1FA266E700CCE00A /* CopyFiles */,
				288410BF1FA63FA500CE68DA /* CopyFiles */,
			);
			buildRules = (
			);
			dependencies = (
			);
			name = test;
			productName = test;
			productReference = 2883C2531F91BAFA007DDB3C /* test */;
			productType = "com.apple.product-type.tool";
		};
		288A6F931F91BE4400783E52 /* bench */ = {
			isa = PBXNativeTarget;
			buildConfigurationList = 288A6F9A1F91BE4400783E52 /* Build configuration list for PBXNativeTarget "bench" */;
			buildPhases = (
				288A6F901F91BE4400783E52 /* Sources */,
				288A6F911F91BE4400783E52 /* Frameworks */,
				288A6F921F91BE4400783E52 /* CopyFiles */,
				2816E6B11FA2671800CCE00A /* CopyFiles */,
			);
			buildRules = (
			);
			dependencies = (
			);
			name = bench;
			productName = bench;
			productReference = 288A6F941F91BE4400783E52 /* bench */;
			productType = "com.apple.product-type.tool";
		};
		28A19CA9205131C400D012F9 /* MeshViewer */ = {
			isa = PBXNativeTarget;
			buildConfigurationList = 28A19CB9205131C400D012F9 /* Build configuration list for PBXNativeTarget "MeshViewer" */;
			buildPhases = (
				28A19CA6205131C400D012F9 /* Sources */,
				28A19CA7205131C400D012F9 /* Frameworks */,
				28A19CA8205131C400D012F9 /* Resources */,
			);
			buildRules = (
			);
			dependencies = (
			);
			name = MeshViewer;
			productName = MeshViewer;
			productReference = 28A19CAA205131C400D012F9 /* MeshViewer.app */;
			productType = "com.apple.product-type.application";
		};
/* End PBXNativeTarget section */

/* Begin PBXProject section */
		2883C2391F91BA7F007DDB3C /* Project object */ = {
			isa = PBXProject;
			attributes = {
				LastSwiftUpdateCheck = 0920;
				LastUpgradeCheck = 0920;
				ORGANIZATIONNAME = "Sören König";
				TargetAttributes = {
					2883C2401F91BA7F007DDB3C = {
						CreatedOnToolsVersion = 9.0;
						ProvisioningStyle = Automatic;
					};
					2883C2521F91BAFA007DDB3C = {
						CreatedOnToolsVersion = 9.0;
						ProvisioningStyle = Automatic;
					};
					288A6F931F91BE4400783E52 = {
						CreatedOnToolsVersion = 9.0;
						ProvisioningStyle = Automatic;
					};
					28A19CA9205131C400D012F9 = {
						CreatedOnToolsVersion = 9.2;
						LastSwiftMigration = 0920;
						ProvisioningStyle = Automatic;
					};
				};
			};
			buildConfigurationList = 2883C23C1F91BA7F007DDB3C /* Build configuration list for PBXProject "owl" */;
			compatibilityVersion = "Xcode 8.0";
			developmentRegion = en;
			hasScannedForEncodings = 0;
			knownRegions = (
				en,
				Base,
			);
			mainGroup = 2883C2381F91BA7F007DDB3C;
			productRefGroup = 2883C2421F91BA7F007DDB3C /* Products */;
			projectDirPath = "";
			projectRoot = "";
			targets = (
				2883C2401F91BA7F007DDB3C /* owl */,
				2883C2521F91BAFA007DDB3C /* test */,
				288A6F931F91BE4400783E52 /* bench */,
				28A19CA9205131C400D012F9 /* MeshViewer */,
			);
		};
/* End PBXProject section */

/* Begin PBXResourcesBuildPhase section */
		28A19CA8205131C400D012F9 /* Resources */ = {
			isa = PBXResourcesBuildPhase;
			buildActionMask = 2147483647;
			files = (
				28A19CB1205131C400D012F9 /* Assets.xcassets in Resources */,
				28A19CB4205131C400D012F9 /* Main.storyboard in Resources */,
			);
			runOnlyForDeploymentPostprocessing = 0;
		};
/* End PBXResourcesBuildPhase section */

/* Begin PBXSourcesBuildPhase section */
		2883C23D1F91BA7F007DDB3C /* Sources */ = {
			isa = PBXSourcesBuildPhase;
			buildActionMask = 2147483647;
			files = (
				28BB756A1FB0F6CC009A6290 /* signal.cpp in Sources */,
				28175DB91F95BD14004ECB87 /* stop_watch.cpp in Sources */,
				2816E6A91FA139AB00CCE00A /* file_utils.cpp in Sources */,
				2857F0301FF128B200DEF030 /* gamma_correction.cpp in Sources */,
				D1993BCF1FBB1D94005737F9 /* buffer.cpp in Sources */,
				2857F0321FF2F54C00DEF030 /* colors_names.cpp in Sources */,
				D1993BCA1FBAD8B0005737F9 /* base64.cpp in Sources */,
				D1536A3C1FA7649B004B7905 /* uuid.cpp in Sources */,
			);
			runOnlyForDeploymentPostprocessing = 0;
		};
		2883C24F1F91BAFA007DDB3C /* Sources */ = {
			isa = PBXSourcesBuildPhase;
			buildActionMask = 2147483647;
			files = (
				2896D09020343A5E00E9241D /* quaterion.cpp in Sources */,
				D1993BCC1FBADB1E005737F9 /* base64.cpp in Sources */,
				D15138B01FB196E9009D3414 /* non_copyable.cpp in Sources */,
				D1C330571FCDA37C007E446E /* ray.cpp in Sources */,
				D1C3305A1FD59E0F007E446E /* interval.cpp in Sources */,
				2896D094203613BA00E9241D /* physical_properties.cpp in Sources */,
				284C09C51F9681D40062BFF1 /* matrix.cpp in Sources */,
				28043CE41FE1ABE800AE177A /* connected_components.cpp in Sources */,
				286FE414203AC81F006BF193 /* mesh.cpp in Sources */,
				28CA4D3E1FAA6F4E00C753D6 /* uuid.cpp in Sources */,
				D172B67B1F9F197C0039A121 /* count_iterator.cpp in Sources */,
				28BB756C1FB3D030009A6290 /* signal.cpp in Sources */,
				284C09C91F968F5C0062BFF1 /* container_traits.cpp in Sources */,
				288410B81FA600E800CE68DA /* obj.cpp in Sources */,
				286F1DF31F9E6C4E00FCC209 /* filter_iterator.cpp in Sources */,
				28757C801FCF5A45001720F1 /* plane.cpp in Sources */,
				2883C2561F91BAFA007DDB3C /* main.cpp in Sources */,
				28C66FA71FC1BF1D00F9C0D1 /* handle.cpp in Sources */,
				285D63941FC8C67D007EBB23 /* angle.cpp in Sources */,
				28175DB41F91FD0B004ECB87 /* template_utils.cpp in Sources */,
				286563CE1FE86A73003758E1 /* color_maps.cpp in Sources */,
				2816E6A61FA133EF00CCE00A /* image.cpp in Sources */,
				286F1DF11F9E67A500FCC209 /* map_iterator.cpp in Sources */,
				28175DB51F91FD0B004ECB87 /* binary_serialization.cpp in Sources */,
				2857F02B1FEF280700DEF030 /* colors.cpp in Sources */,
				28175DBC1F95BEF0004ECB87 /* stop_watch.cpp in Sources */,
				28E3DA5D204580D600D6CAFE /* property.cpp in Sources */,
				284C09CB1F9B0B370062BFF1 /* step_iterator.cpp in Sources */,
				28A19C452046B6CA00D012F9 /* raytracer.cpp in Sources */,
			);
			runOnlyForDeploymentPostprocessing = 0;
		};
		288A6F901F91BE4400783E52 /* Sources */ = {
			isa = PBXSourcesBuildPhase;
			buildActionMask = 2147483647;
			files = (
				288A6F971F91BE4400783E52 /* main.cpp in Sources */,
				288A6FA81F91CA9E00783E52 /* binary_serialization.cpp in Sources */,
				287090AA1FC8BDF600356338 /* matrix.cpp in Sources */,
			);
			runOnlyForDeploymentPostprocessing = 0;
		};
		28A19CA6205131C400D012F9 /* Sources */ = {
			isa = PBXSourcesBuildPhase;
			buildActionMask = 2147483647;
			files = (
				28A19CAD205131C400D012F9 /* AppDelegate.swift in Sources */,
				289CAEE9205133960016894A /* Mesh.swift in Sources */,
				2873F7ED2051388B003BE1D7 /* ViewController.swift in Sources */,
				28A19CBC2051327D00D012F9 /* wrapper.cpp in Sources */,
			);
			runOnlyForDeploymentPostprocessing = 0;
		};
/* End PBXSourcesBuildPhase section */

/* Begin PBXVariantGroup section */
		28A19CB2205131C400D012F9 /* Main.storyboard */ = {
			isa = PBXVariantGroup;
			children = (
				28A19CB3205131C400D012F9 /* Base */,
			);
			name = Main.storyboard;
			sourceTree = "<group>";
		};
/* End PBXVariantGroup section */

/* Begin XCBuildConfiguration section */
		2883C24A1F91BA7F007DDB3C /* Debug */ = {
			isa = XCBuildConfiguration;
			buildSettings = {
				ALWAYS_SEARCH_USER_PATHS = NO;
				CLANG_ANALYZER_NONNULL = YES;
				CLANG_ANALYZER_NUMBER_OBJECT_CONVERSION = YES_AGGRESSIVE;
				CLANG_CXX_LANGUAGE_STANDARD = "c++17";
				CLANG_CXX_LIBRARY = "libc++";
				CLANG_ENABLE_MODULES = YES;
				CLANG_ENABLE_OBJC_ARC = YES;
				CLANG_WARN_BLOCK_CAPTURE_AUTORELEASING = YES;
				CLANG_WARN_BOOL_CONVERSION = YES;
				CLANG_WARN_COMMA = YES;
				CLANG_WARN_CONSTANT_CONVERSION = YES;
				CLANG_WARN_DIRECT_OBJC_ISA_USAGE = YES_ERROR;
				CLANG_WARN_DOCUMENTATION_COMMENTS = YES;
				CLANG_WARN_EMPTY_BODY = YES;
				CLANG_WARN_ENUM_CONVERSION = YES;
				CLANG_WARN_INFINITE_RECURSION = YES;
				CLANG_WARN_INT_CONVERSION = YES;
				CLANG_WARN_NON_LITERAL_NULL_CONVERSION = YES;
				CLANG_WARN_OBJC_LITERAL_CONVERSION = YES;
				CLANG_WARN_OBJC_ROOT_CLASS = YES_ERROR;
				CLANG_WARN_RANGE_LOOP_ANALYSIS = YES;
				CLANG_WARN_STRICT_PROTOTYPES = YES;
				CLANG_WARN_SUSPICIOUS_MOVE = YES;
				CLANG_WARN_UNGUARDED_AVAILABILITY = YES_AGGRESSIVE;
				CLANG_WARN_UNREACHABLE_CODE = YES;
				CLANG_WARN__DUPLICATE_METHOD_MATCH = YES;
				CODE_SIGN_IDENTITY = "";
				COPY_PHASE_STRIP = NO;
				DEBUG_INFORMATION_FORMAT = dwarf;
				ENABLE_STRICT_OBJC_MSGSEND = YES;
				ENABLE_TESTABILITY = YES;
				GCC_C_LANGUAGE_STANDARD = c11;
				GCC_DYNAMIC_NO_PIC = NO;
				GCC_NO_COMMON_BLOCKS = YES;
				GCC_OPTIMIZATION_LEVEL = 0;
				GCC_PREPROCESSOR_DEFINITIONS = (
					"DEBUG=1",
					"$(inherited)",
				);
				GCC_WARN_64_TO_32_BIT_CONVERSION = YES;
				GCC_WARN_ABOUT_RETURN_TYPE = YES_ERROR;
				GCC_WARN_UNDECLARED_SELECTOR = YES;
				GCC_WARN_UNINITIALIZED_AUTOS = YES_AGGRESSIVE;
				GCC_WARN_UNUSED_FUNCTION = YES;
				GCC_WARN_UNUSED_VARIABLE = YES;
				HEADER_SEARCH_PATHS = /opt/local/include/;
				LIBRARY_SEARCH_PATHS = /opt/local/lib/;
				MACOSX_DEPLOYMENT_TARGET = 10.13;
				MTL_ENABLE_DEBUG_INFO = YES;
				ONLY_ACTIVE_ARCH = YES;
				SDKROOT = macosx;
				USER_HEADER_SEARCH_PATHS = "\"$(SRCROOT)/\" \"$(SRCROOT)/thirdparty\"";
			};
			name = Debug;
		};
		2883C24B1F91BA7F007DDB3C /* Release */ = {
			isa = XCBuildConfiguration;
			buildSettings = {
				ALWAYS_SEARCH_USER_PATHS = NO;
				CLANG_ANALYZER_NONNULL = YES;
				CLANG_ANALYZER_NUMBER_OBJECT_CONVERSION = YES_AGGRESSIVE;
				CLANG_CXX_LANGUAGE_STANDARD = "c++17";
				CLANG_CXX_LIBRARY = "libc++";
				CLANG_ENABLE_MODULES = YES;
				CLANG_ENABLE_OBJC_ARC = YES;
				CLANG_WARN_BLOCK_CAPTURE_AUTORELEASING = YES;
				CLANG_WARN_BOOL_CONVERSION = YES;
				CLANG_WARN_COMMA = YES;
				CLANG_WARN_CONSTANT_CONVERSION = YES;
				CLANG_WARN_DIRECT_OBJC_ISA_USAGE = YES_ERROR;
				CLANG_WARN_DOCUMENTATION_COMMENTS = YES;
				CLANG_WARN_EMPTY_BODY = YES;
				CLANG_WARN_ENUM_CONVERSION = YES;
				CLANG_WARN_INFINITE_RECURSION = YES;
				CLANG_WARN_INT_CONVERSION = YES;
				CLANG_WARN_NON_LITERAL_NULL_CONVERSION = YES;
				CLANG_WARN_OBJC_LITERAL_CONVERSION = YES;
				CLANG_WARN_OBJC_ROOT_CLASS = YES_ERROR;
				CLANG_WARN_RANGE_LOOP_ANALYSIS = YES;
				CLANG_WARN_STRICT_PROTOTYPES = YES;
				CLANG_WARN_SUSPICIOUS_MOVE = YES;
				CLANG_WARN_UNGUARDED_AVAILABILITY = YES_AGGRESSIVE;
				CLANG_WARN_UNREACHABLE_CODE = YES;
				CLANG_WARN__DUPLICATE_METHOD_MATCH = YES;
				CODE_SIGN_IDENTITY = "";
				COPY_PHASE_STRIP = NO;
				DEBUG_INFORMATION_FORMAT = "dwarf-with-dsym";
				ENABLE_NS_ASSERTIONS = NO;
				ENABLE_STRICT_OBJC_MSGSEND = YES;
				GCC_C_LANGUAGE_STANDARD = c11;
				GCC_NO_COMMON_BLOCKS = YES;
				GCC_WARN_64_TO_32_BIT_CONVERSION = YES;
				GCC_WARN_ABOUT_RETURN_TYPE = YES_ERROR;
				GCC_WARN_UNDECLARED_SELECTOR = YES;
				GCC_WARN_UNINITIALIZED_AUTOS = YES_AGGRESSIVE;
				GCC_WARN_UNUSED_FUNCTION = YES;
				GCC_WARN_UNUSED_VARIABLE = YES;
				HEADER_SEARCH_PATHS = /opt/local/include/;
				LIBRARY_SEARCH_PATHS = /opt/local/lib/;
				MACOSX_DEPLOYMENT_TARGET = 10.13;
				MTL_ENABLE_DEBUG_INFO = NO;
				SDKROOT = macosx;
				SWIFT_OPTIMIZATION_LEVEL = "-Owholemodule";
				USER_HEADER_SEARCH_PATHS = "\"$(SRCROOT)/\" \"$(SRCROOT)/thirdparty\"";
			};
			name = Release;
		};
		2883C24D1F91BA7F007DDB3C /* Debug */ = {
			isa = XCBuildConfiguration;
			buildSettings = {
				CODE_SIGN_STYLE = Automatic;
				DEVELOPMENT_TEAM = AS2VL7PB8X;
				DYLIB_COMPATIBILITY_VERSION = 1;
				DYLIB_CURRENT_VERSION = 1;
				EXECUTABLE_PREFIX = lib;
				GCC_ENABLE_CPP_EXCEPTIONS = YES;
				GCC_ENABLE_CPP_RTTI = YES;
				GCC_SYMBOLS_PRIVATE_EXTERN = YES;
				LIBRARY_SEARCH_PATHS = (
					"$(inherited)",
					/opt/local/lib,
				);
				PRODUCT_NAME = "$(TARGET_NAME)";
			};
			name = Debug;
		};
		2883C24E1F91BA7F007DDB3C /* Release */ = {
			isa = XCBuildConfiguration;
			buildSettings = {
				CODE_SIGN_STYLE = Automatic;
				DEVELOPMENT_TEAM = AS2VL7PB8X;
				DYLIB_COMPATIBILITY_VERSION = 1;
				DYLIB_CURRENT_VERSION = 1;
				EXECUTABLE_PREFIX = lib;
				GCC_ENABLE_CPP_EXCEPTIONS = YES;
				GCC_ENABLE_CPP_RTTI = YES;
				GCC_SYMBOLS_PRIVATE_EXTERN = YES;
				LIBRARY_SEARCH_PATHS = (
					"$(inherited)",
					/opt/local/lib,
				);
				PRODUCT_NAME = "$(TARGET_NAME)";
			};
			name = Release;
		};
		2883C2581F91BAFA007DDB3C /* Debug */ = {
			isa = XCBuildConfiguration;
			buildSettings = {
				CODE_SIGN_STYLE = Automatic;
				DEVELOPMENT_TEAM = AS2VL7PB8X;
				LIBRARY_SEARCH_PATHS = (
					"$(inherited)",
					/opt/local/lib,
				);
				PRODUCT_NAME = "$(TARGET_NAME)";
			};
			name = Debug;
		};
		2883C2591F91BAFA007DDB3C /* Release */ = {
			isa = XCBuildConfiguration;
			buildSettings = {
				CODE_SIGN_STYLE = Automatic;
				DEVELOPMENT_TEAM = AS2VL7PB8X;
				LIBRARY_SEARCH_PATHS = (
					"$(inherited)",
					/opt/local/lib,
				);
				PRODUCT_NAME = "$(TARGET_NAME)";
			};
			name = Release;
		};
		288A6F981F91BE4400783E52 /* Debug */ = {
			isa = XCBuildConfiguration;
			buildSettings = {
				CODE_SIGN_STYLE = Automatic;
				DEVELOPMENT_TEAM = AS2VL7PB8X;
				PRODUCT_NAME = "$(TARGET_NAME)";
			};
			name = Debug;
		};
		288A6F991F91BE4400783E52 /* Release */ = {
			isa = XCBuildConfiguration;
			buildSettings = {
				CODE_SIGN_STYLE = Automatic;
				DEVELOPMENT_TEAM = AS2VL7PB8X;
				PRODUCT_NAME = "$(TARGET_NAME)";
			};
			name = Release;
		};
		28A19CB7205131C400D012F9 /* Debug */ = {
			isa = XCBuildConfiguration;
			buildSettings = {
				ASSETCATALOG_COMPILER_APPICON_NAME = AppIcon;
				CLANG_CXX_LANGUAGE_STANDARD = "c++17";
				CLANG_ENABLE_MODULES = YES;
				CODE_SIGN_ENTITLEMENTS = MeshViewer/MeshViewer.entitlements;
				CODE_SIGN_IDENTITY = "Mac Developer";
				CODE_SIGN_STYLE = Automatic;
				COMBINE_HIDPI_IMAGES = YES;
				DEVELOPMENT_TEAM = AS2VL7PB8X;
				GCC_C_LANGUAGE_STANDARD = gnu11;
				INFOPLIST_FILE = MeshViewer/Info.plist;
				LD_RUNPATH_SEARCH_PATHS = "$(inherited) @executable_path/../Frameworks";
				PRODUCT_BUNDLE_IDENTIFIER = b.MeshViewer;
				PRODUCT_NAME = "$(TARGET_NAME)";
				SWIFT_ACTIVE_COMPILATION_CONDITIONS = DEBUG;
				SWIFT_OBJC_BRIDGING_HEADER = "MeshViewer/MeshViewer-Bridging-Header.h";
				SWIFT_OPTIMIZATION_LEVEL = "-Onone";
				SWIFT_VERSION = 4.0;
			};
			name = Debug;
		};
		28A19CB8205131C400D012F9 /* Release */ = {
			isa = XCBuildConfiguration;
			buildSettings = {
				ASSETCATALOG_COMPILER_APPICON_NAME = AppIcon;
				CLANG_CXX_LANGUAGE_STANDARD = "c++17";
				CLANG_ENABLE_MODULES = YES;
				CODE_SIGN_ENTITLEMENTS = MeshViewer/MeshViewer.entitlements;
				CODE_SIGN_IDENTITY = "Mac Developer";
				CODE_SIGN_STYLE = Automatic;
				COMBINE_HIDPI_IMAGES = YES;
				DEVELOPMENT_TEAM = AS2VL7PB8X;
				GCC_C_LANGUAGE_STANDARD = gnu11;
				INFOPLIST_FILE = MeshViewer/Info.plist;
				LD_RUNPATH_SEARCH_PATHS = "$(inherited) @executable_path/../Frameworks";
				PRODUCT_BUNDLE_IDENTIFIER = b.MeshViewer;
				PRODUCT_NAME = "$(TARGET_NAME)";
				SWIFT_OBJC_BRIDGING_HEADER = "MeshViewer/MeshViewer-Bridging-Header.h";
				SWIFT_OPTIMIZATION_LEVEL = "-Owholemodule";
				SWIFT_VERSION = 4.0;
			};
			name = Release;
		};
/* End XCBuildConfiguration section */

/* Begin XCConfigurationList section */
		2883C23C1F91BA7F007DDB3C /* Build configuration list for PBXProject "owl" */ = {
			isa = XCConfigurationList;
			buildConfigurations = (
				2883C24A1F91BA7F007DDB3C /* Debug */,
				2883C24B1F91BA7F007DDB3C /* Release */,
			);
			defaultConfigurationIsVisible = 0;
			defaultConfigurationName = Release;
		};
		2883C24C1F91BA7F007DDB3C /* Build configuration list for PBXNativeTarget "owl" */ = {
			isa = XCConfigurationList;
			buildConfigurations = (
				2883C24D1F91BA7F007DDB3C /* Debug */,
				2883C24E1F91BA7F007DDB3C /* Release */,
			);
			defaultConfigurationIsVisible = 0;
			defaultConfigurationName = Release;
		};
		2883C2571F91BAFA007DDB3C /* Build configuration list for PBXNativeTarget "test" */ = {
			isa = XCConfigurationList;
			buildConfigurations = (
				2883C2581F91BAFA007DDB3C /* Debug */,
				2883C2591F91BAFA007DDB3C /* Release */,
			);
			defaultConfigurationIsVisible = 0;
			defaultConfigurationName = Release;
		};
		288A6F9A1F91BE4400783E52 /* Build configuration list for PBXNativeTarget "bench" */ = {
			isa = XCConfigurationList;
			buildConfigurations = (
				288A6F981F91BE4400783E52 /* Debug */,
				288A6F991F91BE4400783E52 /* Release */,
			);
			defaultConfigurationIsVisible = 0;
			defaultConfigurationName = Release;
		};
		28A19CB9205131C400D012F9 /* Build configuration list for PBXNativeTarget "MeshViewer" */ = {
			isa = XCConfigurationList;
			buildConfigurations = (
				28A19CB7205131C400D012F9 /* Debug */,
				28A19CB8205131C400D012F9 /* Release */,
			);
			defaultConfigurationIsVisible = 0;
			defaultConfigurationName = Release;
		};
/* End XCConfigurationList section */
	};
	rootObject = 2883C2391F91BA7F007DDB3C /* Project object */;
}
